
Microsoft Visual Studio Solution File, Format Version 12.00
# Visual Studio Version 17
VisualStudioVersion = 17.5.33424.131
MinimumVisualStudioVersion = 10.0.40219.1
Project("{FAE04EC0-301F-11D3-BF4B-00C04F79EFBC}") = "ConsoleApp1", "ConsoleApp1\ConsoleApp1.csproj", "{2151A99F-6775-43E1-B611-18380567D1BB}"
EndProject
Global
	GlobalSection(SolutionConfigurationPlatforms) = preSolution
		Debug|Any CPU = Debug|Any CPU
		Release|Any CPU = Release|Any CPU
	EndGlobalSection
	GlobalSection(ProjectConfigurationPlatforms) = postSolution
		{2151A99F-6775-43E1-B611-18380567D1BB}.Debug|Any CPU.ActiveCfg = Debug|Any CPU
		{2151A99F-6775-43E1-B611-18380567D1BB}.Debug|Any CPU.Build.0 = Debug|Any CPU
		{2151A99F-6775-43E1-B611-18380567D1BB}.Release|Any CPU.ActiveCfg = Release|Any CPU
		{2151A99F-6775-43E1-B611-18380567D1BB}.Release|Any CPU.Build.0 = Release|Any CPU
	EndGlobalSection
	GlobalSection(SolutionProperties) = preSolution
		HideSolutionNode = FALSE
	EndGlobalSection
	GlobalSection(ExtensibilityGlobals) = postSolution
		SolutionGuid = {A6290650-7F80-41CA-BBCB-27F0E6EE4242}
	EndGlobalSection
EndGlobal
